{
  "name": "zechat-s",
  "version": "1.0.0",
  "lockfileVersion": 2,
  "requires": true,
  "packages": {
    "": {
      "name": "zechat-s",
      "version": "1.0.0",
      "license": "ISC",
      "dependencies": {
        "dayjs": "^1.11.0",
        "tim-js-sdk": "^2.17.1",
        "tim-upload-plugin": "^1.0.4",
        "tim-wx-sdk": "^2.17.1"
      }
    },
    "node_modules/dayjs": {
      "version": "1.11.0",
      "resolved": "https://registry.npmjs.org/dayjs/-/dayjs-1.11.0.tgz",
      "integrity": "sha512-JLC809s6Y948/FuCZPm5IX8rRhQwOiyMb2TfVVQEixG7P8Lm/gt5S7yoQZmC8x1UehI9Pb7sksEt4xx14m+7Ug=="
    },
    "node_modules/tim-js-sdk": {
      "version": "2.17.1",
      "resolved": "https://registry.npmjs.org/tim-js-sdk/-/tim-js-sdk-2.17.1.tgz",
      "integrity": "sha512-Or/hLRUNt6smyVujOH7Mxgj8y/bRsoKDKDutFtWwyz55guYv55DLUwbHqxprKbnjXzpLZUQ2T+6v6+iwZu4z1g=="
    },
    "node_modules/tim-upload-plugin": {
      "version": "1.0.4",
      "resolved": "https://registry.npmjs.org/tim-upload-plugin/-/tim-upload-plugin-1.0.4.tgz",
      "integrity": "sha512-Ib/Ql5vdKoLg2wSFBQ34nzBnaUFa6IxiV8060BF+RnWVlhBZSd3MpBXT32wWcmPj/Sl2yOSCM+dC4fn1sm+y/w=="
    },
    "node_modules/tim-wx-sdk": {
      "version": "2.17.1",
      "resolved": "https://registry.npmjs.org/tim-wx-sdk/-/tim-wx-sdk-2.17.1.tgz",
      "integrity": "sha512-DX9vWTfmF0KzMhvWUHni2c3rtblC7lnXNFyPLsHakqMEj3Qw9QPqGxgDo1Fzlzaprle+ksrIFp3y7po70tCCRw=="
    }
  },
  "dependencies": {
    "dayjs": {
      "version": "1.11.0",
      "resolved": "https://registry.npmjs.org/dayjs/-/dayjs-1.11.0.tgz",
      "integrity": "sha512-JLC809s6Y948/FuCZPm5IX8rRhQwOiyMb2TfVVQEixG7P8Lm/gt5S7yoQZmC8x1UehI9Pb7sksEt4xx14m+7Ug=="
    },
    "tim-js-sdk": {
      "version": "2.17.1",
      "resolved": "https://registry.npmjs.org/tim-js-sdk/-/tim-js-sdk-2.17.1.tgz",
      "integrity": "sha512-Or/hLRUNt6smyVujOH7Mxgj8y/bRsoKDKDutFtWwyz55guYv55DLUwbHqxprKbnjXzpLZUQ2T+6v6+iwZu4z1g=="
    },
    "tim-upload-plugin": {
      "version": "1.0.4",
      "resolved": "https://registry.npmjs.org/tim-upload-plugin/-/tim-upload-plugin-1.0.4.tgz",
      "integrity": "sha512-Ib/Ql5vdKoLg2wSFBQ34nzBnaUFa6IxiV8060BF+RnWVlhBZSd3MpBXT32wWcmPj/Sl2yOSCM+dC4fn1sm+y/w=="
    },
    "tim-wx-sdk": {
      "version": "2.17.1",
      "resolved": "https://registry.npmjs.org/tim-wx-sdk/-/tim-wx-sdk-2.17.1.tgz",
      "integrity": "sha512-DX9vWTfmF0KzMhvWUHni2c3rtblC7lnXNFyPLsHakqMEj3Qw9QPqGxgDo1Fzlzaprle+ksrIFp3y7po70tCCRw=="
    }
  }
}
